PODS:
  - Alamofire (5.6.1)
  - PromiseKit (6.11.0):
    - PromiseKit/CorePromise (= 6.11.0)
    - PromiseKit/Foundation (= 6.11.0)
    - PromiseKit/UIKit (= 6.11.0)
  - PromiseKit/CorePromise (6.11.0)
  - PromiseKit/Foundation (6.11.0):
    - PromiseKit/CorePromise
  - PromiseKit/UIKit (6.11.0):
    - PromiseKit/CorePromise
  - Shu (2.0.0):
    - Alamofire (~> 5.4)
    - PromiseKit (~> 6.8)
    - Shu/Core (= 2.0.0)
  - Shu/Core (2.0.0):
    - Alamofire (~> 5.4)
    - PromiseKit (~> 6.8)
  - Shu/CRUD (2.0.0):
    - Alamofire (~> 5.4)
    - PromiseKit (~> 6.8)
    - Shu/Core
  - Shu/SwiftyBeaverLog (2.0.0):
    - Alamofire (~> 5.4)
    - PromiseKit (~> 6.8)
    - Shu/Core
    - SwiftyBeaver (~> 1.9)
  - SwiftyBeaver (1.9.5)

DEPENDENCIES:
  - Shu (from `../`)
  - Shu/CRUD (from `../`)
  - Shu/SwiftyBeaverLog (from `../`)

SPEC REPOS:
  https://github.com/CocoaPods/Specs.git:
    - PromiseKit
  trunk:
    - Alamofire
    - SwiftyBeaver

EXTERNAL SOURCES:
  Shu:
    :path: "../"

SPEC CHECKSUMS:
  Alamofire: 87bd8c952f9a4454320fce00d9cc3de57bcadaf5
  PromiseKit: e4863d06976e7dee5e41c04fc7371c16b3600292
  Shu: 82833f4747aa1654e8d4e8b1216ebe3d412532e2
  SwiftyBeaver: 84069991dd5dca07d7069100985badaca7f0ce82

PODFILE CHECKSUM: acfaac1c8c0b6adbcc25cc94392661c906c1d1fa

COCOAPODS: 1.11.3
